{
  "object": {
    "pins": [
      {
        "package": "NakedJson",
        "repositoryURL": "https://github.com/mpsnp/swift-naked-json",
        "state": {
          "branch": "master",
          "revision": "a847026b3a5f6cbc11786f0e6c220874f5eb222f",
          "version": null
        }
      }
    ]
  },
  "version": 1
}
